PODS:
  - REBottomSheetController (0.5.0)

DEPENDENCIES:
  - REBottomSheetController (from `../`)

EXTERNAL SOURCES:
  REBottomSheetController:
    :path: "../"

SPEC CHECKSUMS:
  REBottomSheetController: 553d01c7a5efabb9e99e5f8dcc3f906df18efe50

PODFILE CHECKSUM: aa735f41277181671a2a0d45a9081a7fb1d4780e

COCOAPODS: 1.8.4
