PODS:
  - REBottomSheetController (0.4.0)

DEPENDENCIES:
  - REBottomSheetController (from `../`)

EXTERNAL SOURCES:
  REBottomSheetController:
    :path: "../"

SPEC CHECKSUMS:
  REBottomSheetController: cbd415a46523d9a171316141cc743f7b5b0dcc00

PODFILE CHECKSUM: aa735f41277181671a2a0d45a9081a7fb1d4780e

COCOAPODS: 1.8.4
