PODS:
  - REBottomSheetController (0.7.0)

DEPENDENCIES:
  - REBottomSheetController (from `../`)

EXTERNAL SOURCES:
  REBottomSheetController:
    :path: "../"

SPEC CHECKSUMS:
  REBottomSheetController: 5cc4d56f066c798ba474e2fcd6f64389b36c23b2

PODFILE CHECKSUM: aa735f41277181671a2a0d45a9081a7fb1d4780e

COCOAPODS: 1.8.4
